
Microsoft Visual Studio Solution File, Format Version 12.00
# Visual Studio Version 16
VisualStudioVersion = 16.0.30128.74
MinimumVisualStudioVersion = 10.0.40219.1
Project("{FAE04EC0-301F-11D3-BF4B-00C04F79EFBC}") = "Amusive E-bookmart", "Amusive E-bookmart\Amusive E-bookmart.csproj", "{F6F2C76D-6637-46C6-B5B4-9FC01E4C137D}"
EndProject
Global
	GlobalSection(SolutionConfigurationPlatforms) = preSolution
		Debug|Any CPU = Debug|Any CPU
		Release|Any CPU = Release|Any CPU
	EndGlobalSection
	GlobalSection(ProjectConfigurationPlatforms) = postSolution
		{F6F2C76D-6637-46C6-B5B4-9FC01E4C137D}.Debug|Any CPU.ActiveCfg = Debug|Any CPU
		{F6F2C76D-6637-46C6-B5B4-9FC01E4C137D}.Debug|Any CPU.Build.0 = Debug|Any CPU
		{F6F2C76D-6637-46C6-B5B4-9FC01E4C137D}.Release|Any CPU.ActiveCfg = Release|Any CPU
		{F6F2C76D-6637-46C6-B5B4-9FC01E4C137D}.Release|Any CPU.Build.0 = Release|Any CPU
	EndGlobalSection
	GlobalSection(SolutionProperties) = preSolution
		HideSolutionNode = FALSE
	EndGlobalSection
	GlobalSection(ExtensibilityGlobals) = postSolution
		SolutionGuid = {E6847C1E-A516-488D-8A3B-83085741393D}
	EndGlobalSection
EndGlobal
